{
    "_readme": [
        "This file locks the dependencies of your project to a known state",
        "Read more about it at https://getcomposer.org/doc/01-basic-usage.md#installing-dependencies",
        "This file is @generated automatically"
    ],
    "content-hash": "7bccc4bb34c64223daa6cfad1db47dbe",
    "packages": [
        {
            "name": "binaryk/laravel-restify",
            "version": "8.x-dev",
            "source": {
                "type": "git",
                "url": "https://github.com/BinarCode/laravel-restify.git",
                "reference": "aeaa35c59b326028e39e551df6ea957e148dc27b"
            },
            "dist": {
                "type": "zip",
                "url": "https://api.github.com/repos/BinarCode/laravel-restify/zipball/aeaa35c59b326028e39e551df6ea957e148dc27b",
                "reference": "aeaa35c59b326028e39e551df6ea957e148dc27b",
                "shasum": ""
            },
            "require": {
                "illuminate/contracts": "^10.0",
                "laravel/pint": "^1.0",
                "php": "^8.1",
                "spatie/data-transfer-object": "^3.1",
                "spatie/laravel-package-tools": "^1.12",
                "spatie/once": "^3.0"
            },
            "require-dev": {
                "brianium/paratest": "^7.0.6",
                "doctrine/dbal": "^3.0",
                "nunomaduro/collision": "^7.0",
                "openai-php/laravel": "^0.3.1",
                "orchestra/testbench": "^8.0",
                "phpstan/extension-installer": "^1.1",
                "phpstan/phpstan-deprecation-rules": "^1.0",
                "phpstan/phpstan-phpunit": "^1.0",
                "phpunit/phpunit": "^10.0",
                "spatie/laravel-ray": "^1.9",
                "vimeo/psalm": "^5.6"
            },
            "default-branch": true,
            "type": "library",
            "extra": {
                "laravel": {
                    "providers": [
                        "Binaryk\\LaravelRestify\\LaravelRestifyServiceProvider"
                    ],
                    "aliases": {
                        "Restify": "Binaryk\\LaravelRestify\\RestifyFacade"
                    }
                }
            },
            "autoload": {
                "files": [
                    "src/helpers.php"
                ],
                "psr-4": {
                    "Binaryk\\LaravelRestify\\": "src"
                }
            },
            "notification-url": "https://packagist.org/downloads/",
            "license": [
                "MIT"
            ],
            "authors": [
                {
                    "name": "Eduard Lupacescu",
                    "email": "eduard.lupacescu@binarcode.com",
                    "role": "Developer"
                }
            ],
            "description": "Laravel REST API helpers",
            "homepage": "https://github.com/BinarCode/laravel-restify",
            "keywords": [
                "api",
                "crud",
                "laravel-restify",
                "rest"
            ],
            "support": {
                "issues": "https://github.com/BinarCode/laravel-restify/issues",
                "source": "https://github.com/BinarCode/laravel-restify/tree/8.0.0"
            },
            "time": "2023-03-26T18:00:04+00:00"
        },
        {
            "name": "illuminate/contracts",
            "version": "10.x-dev",
            "source": {
                "type": "git",
                "url": "https://github.com/illuminate/contracts.git",
                "reference": "84f1da424ab9596a422ce118abd05667b0069624"
            },
            "dist": {
                "type": "zip",
                "url": "https://api.github.com/repos/illuminate/contracts/zipball/84f1da424ab9596a422ce118abd05667b0069624",
                "reference": "84f1da424ab9596a422ce118abd05667b0069624",
                "shasum": ""
            },
            "require": {
                "php": "^8.1",
                "psr/container": "^1.1.1|^2.0.1",
                "psr/simple-cache": "^1.0|^2.0|^3.0"
            },
            "type": "library",
            "extra": {
                "branch-alias": {
                    "dev-master": "10.x-dev"
                }
            },
            "autoload": {
                "psr-4": {
                    "Illuminate\\Contracts\\": ""
                }
            },
            "notification-url": "https://packagist.org/downloads/",
            "license": [
                "MIT"
            ],
            "authors": [
                {
                    "name": "Taylor Otwell",
                    "email": "taylor@laravel.com"
                }
            ],
            "description": "The Illuminate Contracts package.",
            "homepage": "https://laravel.com",
            "support": {
                "issues": "https://github.com/laravel/framework/issues",
                "source": "https://github.com/laravel/framework"
            },
            "time": "2023-02-14T15:00:37+00:00"
        },
        {
            "name": "laravel/pint",
            "version": "v1.8.0",
            "source": {
                "type": "git",
                "url": "https://github.com/laravel/pint.git",
                "reference": "4b8f2ef22bfcddd1d163cfd282e3f42ee1a5cce2"
            },
            "dist": {
                "type": "zip",
                "url": "https://api.github.com/repos/laravel/pint/zipball/4b8f2ef22bfcddd1d163cfd282e3f42ee1a5cce2",
                "reference": "4b8f2ef22bfcddd1d163cfd282e3f42ee1a5cce2",
                "shasum": ""
            },
            "require": {
                "ext-json": "*",
                "ext-mbstring": "*",
                "ext-tokenizer": "*",
                "ext-xml": "*",
                "php": "^8.1.0"
            },
            "require-dev": {
                "friendsofphp/php-cs-fixer": "^3.16.0",
                "illuminate/view": "^10.5.1",
                "laravel-zero/framework": "^10.0.2",
                "mockery/mockery": "^1.5.1",
                "nunomaduro/larastan": "^2.5.1",
                "nunomaduro/termwind": "^1.15.1",
                "pestphp/pest": "^2.4.0"
            },
            "bin": [
                "builds/pint"
            ],
            "type": "project",
            "autoload": {
                "psr-4": {
                    "App\\": "app/",
                    "Database\\Seeders\\": "database/seeders/",
                    "Database\\Factories\\": "database/factories/"
                }
            },
            "notification-url": "https://packagist.org/downloads/",
            "license": [
                "MIT"
            ],
            "authors": [
                {
                    "name": "Nuno Maduro",
                    "email": "enunomaduro@gmail.com"
                }
            ],
            "description": "An opinionated code formatter for PHP.",
            "homepage": "https://laravel.com",
            "keywords": [
                "format",
                "formatter",
                "lint",
                "linter",
                "php"
            ],
            "support": {
                "issues": "https://github.com/laravel/pint/issues",
                "source": "https://github.com/laravel/pint"
            },
            "time": "2023-04-04T13:08:09+00:00"
        },
        {
            "name": "psr/container",
            "version": "dev-master",
            "source": {
                "type": "git",
                "url": "https://github.com/php-fig/container.git",
                "reference": "90db7b9ac2a2c5b849fcb69dde58f3ae182c68f5"
            },
            "dist": {
                "type": "zip",
                "url": "https://api.github.com/repos/php-fig/container/zipball/90db7b9ac2a2c5b849fcb69dde58f3ae182c68f5",
                "reference": "90db7b9ac2a2c5b849fcb69dde58f3ae182c68f5",
                "shasum": ""
            },
            "require": {
                "php": ">=7.4.0"
            },
            "default-branch": true,
            "type": "library",
            "extra": {
                "branch-alias": {
                    "dev-master": "2.0.x-dev"
                }
            },
            "autoload": {
                "psr-4": {
                    "Psr\\Container\\": "src/"
                }
            },
            "notification-url": "https://packagist.org/downloads/",
            "license": [
                "MIT"
            ],
            "authors": [
                {
                    "name": "PHP-FIG",
                    "homepage": "https://www.php-fig.org/"
                }
            ],
            "description": "Common Container Interface (PHP FIG PSR-11)",
            "homepage": "https://github.com/php-fig/container",
            "keywords": [
                "PSR-11",
                "container",
                "container-interface",
                "container-interop",
                "psr"
            ],
            "support": {
                "issues": "https://github.com/php-fig/container/issues",
                "source": "https://github.com/php-fig/container/tree/master"
            },
            "time": "2022-07-19T17:36:59+00:00"
        },
        {
            "name": "psr/simple-cache",
            "version": "dev-master",
            "source": {
                "type": "git",
                "url": "https://github.com/php-fig/simple-cache.git",
                "reference": "2d280c2aaa23a120f35d55cfde8581954a8e77fa"
            },
            "dist": {
                "type": "zip",
                "url": "https://api.github.com/repos/php-fig/simple-cache/zipball/2d280c2aaa23a120f35d55cfde8581954a8e77fa",
                "reference": "2d280c2aaa23a120f35d55cfde8581954a8e77fa",
                "shasum": ""
            },
            "require": {
                "php": ">=8.0.0"
            },
            "default-branch": true,
            "type": "library",
            "extra": {
                "branch-alias": {
                    "dev-master": "3.0.x-dev"
                }
            },
            "autoload": {
                "psr-4": {
                    "Psr\\SimpleCache\\": "src/"
                }
            },
            "notification-url": "https://packagist.org/downloads/",
            "license": [
                "MIT"
            ],
            "authors": [
                {
                    "name": "PHP-FIG",
                    "homepage": "https://www.php-fig.org/"
                }
            ],
            "description": "Common interfaces for simple caching",
            "keywords": [
                "cache",
                "caching",
                "psr",
                "psr-16",
                "simple-cache"
            ],
            "support": {
                "source": "https://github.com/php-fig/simple-cache/tree/master"
            },
            "time": "2022-04-08T16:41:45+00:00"
        },
        {
            "name": "spatie/data-transfer-object",
            "version": "3.9.1",
            "source": {
                "type": "git",
                "url": "https://github.com/spatie/data-transfer-object.git",
                "reference": "1df0906c4e9e3aebd6c0506fd82c8b7d5548c1c8"
            },
            "dist": {
                "type": "zip",
                "url": "https://api.github.com/repos/spatie/data-transfer-object/zipball/1df0906c4e9e3aebd6c0506fd82c8b7d5548c1c8",
                "reference": "1df0906c4e9e3aebd6c0506fd82c8b7d5548c1c8",
                "shasum": ""
            },
            "require": {
                "php": "^8.0"
            },
            "require-dev": {
                "illuminate/collections": "^8.36",
                "jetbrains/phpstorm-attributes": "^1.0",
                "larapack/dd": "^1.1",
                "phpunit/phpunit": "^9.5.5"
            },
            "type": "library",
            "autoload": {
                "psr-4": {
                    "Spatie\\DataTransferObject\\": "src"
                }
            },
            "notification-url": "https://packagist.org/downloads/",
            "license": [
                "MIT"
            ],
            "authors": [
                {
                    "name": "Brent Roose",
                    "email": "brent@spatie.be",
                    "homepage": "https://spatie.be",
                    "role": "Developer"
                }
            ],
            "description": "Data transfer objects with batteries included",
            "homepage": "https://github.com/spatie/data-transfer-object",
            "keywords": [
                "data-transfer-object",
                "spatie"
            ],
            "support": {
                "issues": "https://github.com/spatie/data-transfer-object/issues",
                "source": "https://github.com/spatie/data-transfer-object/tree/3.9.1"
            },
            "funding": [
                {
                    "url": "https://spatie.be/open-source/support-us",
                    "type": "custom"
                },
                {
                    "url": "https://github.com/spatie",
                    "type": "github"
                }
            ],
            "abandoned": "spatie/laravel-data",
            "time": "2022-09-16T13:34:38+00:00"
        },
        {
            "name": "spatie/laravel-package-tools",
            "version": "1.14.2",
            "source": {
                "type": "git",
                "url": "https://github.com/spatie/laravel-package-tools.git",
                "reference": "bab62023a4745a61170ad5424184533685e73c2d"
            },
            "dist": {
                "type": "zip",
                "url": "https://api.github.com/repos/spatie/laravel-package-tools/zipball/bab62023a4745a61170ad5424184533685e73c2d",
                "reference": "bab62023a4745a61170ad5424184533685e73c2d",
                "shasum": ""
            },
            "require": {
                "illuminate/contracts": "^9.28|^10.0",
                "php": "^8.0"
            },
            "require-dev": {
                "mockery/mockery": "^1.5",
                "orchestra/testbench": "^7.7|^8.0",
                "pestphp/pest": "^1.22",
                "phpunit/phpunit": "^9.5.24",
                "spatie/pest-plugin-test-time": "^1.1"
            },
            "type": "library",
            "autoload": {
                "psr-4": {
                    "Spatie\\LaravelPackageTools\\": "src"
                }
            },
            "notification-url": "https://packagist.org/downloads/",
            "license": [
                "MIT"
            ],
            "authors": [
                {
                    "name": "Freek Van der Herten",
                    "email": "freek@spatie.be",
                    "role": "Developer"
                }
            ],
            "description": "Tools for creating Laravel packages",
            "homepage": "https://github.com/spatie/laravel-package-tools",
            "keywords": [
                "laravel-package-tools",
                "spatie"
            ],
            "support": {
                "issues": "https://github.com/spatie/laravel-package-tools/issues",
                "source": "https://github.com/spatie/laravel-package-tools/tree/1.14.2"
            },
            "funding": [
                {
                    "url": "https://github.com/spatie",
                    "type": "github"
                }
            ],
            "time": "2023-03-14T16:41:21+00:00"
        },
        {
            "name": "spatie/once",
            "version": "3.1.0",
            "source": {
                "type": "git",
                "url": "https://github.com/spatie/once.git",
                "reference": "aab3fc8694e7caec98b2d330c4a8420391c7559d"
            },
            "dist": {
                "type": "zip",
                "url": "https://api.github.com/repos/spatie/once/zipball/aab3fc8694e7caec98b2d330c4a8420391c7559d",
                "reference": "aab3fc8694e7caec98b2d330c4a8420391c7559d",
                "shasum": ""
            },
            "require": {
                "php": "^8.0"
            },
            "require-dev": {
                "pestphp/pest": "^1.21",
                "symfony/var-dumper": "^5.1"
            },
            "type": "library",
            "autoload": {
                "files": [
                    "src/functions.php"
                ],
                "psr-4": {
                    "Spatie\\Once\\": "src"
                }
            },
            "notification-url": "https://packagist.org/downloads/",
            "license": [
                "MIT"
            ],
            "authors": [
                {
                    "name": "Freek Van der Herten",
                    "email": "freek@spatie.be",
                    "homepage": "https://spatie.be",
                    "role": "Developer"
                }
            ],
            "description": "A magic memoization function",
            "homepage": "https://github.com/spatie/once",
            "keywords": [
                "cache",
                "callable",
                "memoization",
                "once",
                "spatie"
            ],
            "support": {
                "source": "https://github.com/spatie/once/tree/3.1.0"
            },
            "funding": [
                {
                    "url": "https://spatie.be/open-source/support-us",
                    "type": "custom"
                }
            ],
            "time": "2022-04-21T12:23:20+00:00"
        }
    ],
    "packages-dev": [],
    "aliases": [],
    "minimum-stability": "dev",
    "stability-flags": [],
    "prefer-stable": false,
    "prefer-lowest": false,
    "platform": {
        "php": "^8.1"
    },
    "platform-dev": [],
    "plugin-api-version": "2.3.0"
}
